
Microsoft Visual Studio Solution File, Format Version 12.00
# Visual Studio 15
VisualStudioVersion = 15.0.26124.0
MinimumVisualStudioVersion = 15.0.26124.0
Project("{FAE04EC0-301F-11D3-BF4B-00C04F79EFBC}") = "Problems", "Problems\Problems.csproj", "{53B9C3B0-8E8D-4366-9942-F67276BD4DD1}"
EndProject
Project("{FAE04EC0-301F-11D3-BF4B-00C04F79EFBC}") = "Problems.Tests", "Problems.Tests\Problems.Tests.csproj", "{5742186A-D373-4388-9C21-4352EF6770AB}"
EndProject
Global
	GlobalSection(SolutionConfigurationPlatforms) = preSolution
		Debug|Any CPU = Debug|Any CPU
		Debug|x64 = Debug|x64
		Debug|x86 = Debug|x86
		Release|Any CPU = Release|Any CPU
		Release|x64 = Release|x64
		Release|x86 = Release|x86
	EndGlobalSection
	GlobalSection(SolutionProperties) = preSolution
		HideSolutionNode = FALSE
	EndGlobalSection
	GlobalSection(ProjectConfigurationPlatforms) = postSolution
		{53B9C3B0-8E8D-4366-9942-F67276BD4DD1}.Debug|Any CPU.ActiveCfg = Debug|Any CPU
		{53B9C3B0-8E8D-4366-9942-F67276BD4DD1}.Debug|Any CPU.Build.0 = Debug|Any CPU
		{53B9C3B0-8E8D-4366-9942-F67276BD4DD1}.Debug|x64.ActiveCfg = Debug|Any CPU
		{53B9C3B0-8E8D-4366-9942-F67276BD4DD1}.Debug|x64.Build.0 = Debug|Any CPU
		{53B9C3B0-8E8D-4366-9942-F67276BD4DD1}.Debug|x86.ActiveCfg = Debug|Any CPU
		{53B9C3B0-8E8D-4366-9942-F67276BD4DD1}.Debug|x86.Build.0 = Debug|Any CPU
		{53B9C3B0-8E8D-4366-9942-F67276BD4DD1}.Release|Any CPU.ActiveCfg = Release|Any CPU
		{53B9C3B0-8E8D-4366-9942-F67276BD4DD1}.Release|Any CPU.Build.0 = Release|Any CPU
		{53B9C3B0-8E8D-4366-9942-F67276BD4DD1}.Release|x64.ActiveCfg = Release|Any CPU
		{53B9C3B0-8E8D-4366-9942-F67276BD4DD1}.Release|x64.Build.0 = Release|Any CPU
		{53B9C3B0-8E8D-4366-9942-F67276BD4DD1}.Release|x86.ActiveCfg = Release|Any CPU
		{53B9C3B0-8E8D-4366-9942-F67276BD4DD1}.Release|x86.Build.0 = Release|Any CPU
		{5742186A-D373-4388-9C21-4352EF6770AB}.Debug|Any CPU.ActiveCfg = Debug|Any CPU
		{5742186A-D373-4388-9C21-4352EF6770AB}.Debug|Any CPU.Build.0 = Debug|Any CPU
		{5742186A-D373-4388-9C21-4352EF6770AB}.Debug|x64.ActiveCfg = Debug|Any CPU
		{5742186A-D373-4388-9C21-4352EF6770AB}.Debug|x64.Build.0 = Debug|Any CPU
		{5742186A-D373-4388-9C21-4352EF6770AB}.Debug|x86.ActiveCfg = Debug|Any CPU
		{5742186A-D373-4388-9C21-4352EF6770AB}.Debug|x86.Build.0 = Debug|Any CPU
		{5742186A-D373-4388-9C21-4352EF6770AB}.Release|Any CPU.ActiveCfg = Release|Any CPU
		{5742186A-D373-4388-9C21-4352EF6770AB}.Release|Any CPU.Build.0 = Release|Any CPU
		{5742186A-D373-4388-9C21-4352EF6770AB}.Release|x64.ActiveCfg = Release|Any CPU
		{5742186A-D373-4388-9C21-4352EF6770AB}.Release|x64.Build.0 = Release|Any CPU
		{5742186A-D373-4388-9C21-4352EF6770AB}.Release|x86.ActiveCfg = Release|Any CPU
		{5742186A-D373-4388-9C21-4352EF6770AB}.Release|x86.Build.0 = Release|Any CPU
	EndGlobalSection
EndGlobal
